{
  "name": "@verilization/runtime",
  "version": "0.1.0",
  "lockfileVersion": 2,
  "requires": true,
  "packages": {
    "": {
      "name": "@verilization/runtime",
      "version": "0.1.0",
      "license": "Apache-2.0",
      "devDependencies": {
        "typescript": "^4.6.0-dev.20211210"
      }
    },
    "node_modules/typescript": {
      "version": "4.6.0-dev.20211210",
      "resolved": "https://registry.npmjs.org/typescript/-/typescript-4.6.0-dev.20211210.tgz",
      "integrity": "sha512-rR0Zj8nk6hkfg2fLZDXTPu8/cvLNYK2icyvMqBezyCDqZcenuHmn1LHA5sqF9+qXXZsstDh76wUzjaWaiRnQsg==",
      "dev": true,
      "bin": {
        "tsc": "bin/tsc",
        "tsserver": "bin/tsserver"
      },
      "engines": {
        "node": ">=4.2.0"
      }
    }
  },
  "dependencies": {
    "typescript": {
      "version": "4.6.0-dev.20211210",
      "resolved": "https://registry.npmjs.org/typescript/-/typescript-4.6.0-dev.20211210.tgz",
      "integrity": "sha512-rR0Zj8nk6hkfg2fLZDXTPu8/cvLNYK2icyvMqBezyCDqZcenuHmn1LHA5sqF9+qXXZsstDh76wUzjaWaiRnQsg==",
      "dev": true
    }
  }
}
